
Microsoft Visual Studio Solution File, Format Version 12.00
# Visual Studio 15
VisualStudioVersion = 15.0.28307.539
MinimumVisualStudioVersion = 10.0.40219.1
Project("{9A19103F-16F7-4668-BE54-9A1E7A4F7556}") = "CardsBot", "CardsBot.csproj", "{F6171F68-27F8-4302-9B98-0AB4FDDCED67}"
EndProject
Global
	GlobalSection(SolutionConfigurationPlatforms) = preSolution
		Debug|Any CPU = Debug|Any CPU
		Release|Any CPU = Release|Any CPU
	EndGlobalSection
	GlobalSection(ProjectConfigurationPlatforms) = postSolution
		{F6171F68-27F8-4302-9B98-0AB4FDDCED67}.Debug|Any CPU.ActiveCfg = Debug|Any CPU
		{F6171F68-27F8-4302-9B98-0AB4FDDCED67}.Debug|Any CPU.Build.0 = Debug|Any CPU
		{F6171F68-27F8-4302-9B98-0AB4FDDCED67}.Release|Any CPU.ActiveCfg = Release|Any CPU
		{F6171F68-27F8-4302-9B98-0AB4FDDCED67}.Release|Any CPU.Build.0 = Release|Any CPU
	EndGlobalSection
	GlobalSection(SolutionProperties) = preSolution
		HideSolutionNode = FALSE
	EndGlobalSection
	GlobalSection(ExtensibilityGlobals) = postSolution
		SolutionGuid = {D7EAA7C8-6252-40A6-907F-710576F90820}
	EndGlobalSection
EndGlobal
