
Microsoft Visual Studio Solution File, Format Version 12.00
# Visual Studio Version 16
VisualStudioVersion = 16.0.30320.27
MinimumVisualStudioVersion = 10.0.40219.1
Project("{9A19103F-16F7-4668-BE54-9A1E7A4F7556}") = "AdaptiveScratchBot", "01.multi-turn-prompt\AdaptiveScratchBot.csproj", "{31AB66EF-06CB-4ADF-8D0A-936C2C85B508}"
EndProject
Global
	GlobalSection(SolutionConfigurationPlatforms) = preSolution
		Debug|Any CPU = Debug|Any CPU
		Release|Any CPU = Release|Any CPU
	EndGlobalSection
	GlobalSection(ProjectConfigurationPlatforms) = postSolution
		{31AB66EF-06CB-4ADF-8D0A-936C2C85B508}.Debug|Any CPU.ActiveCfg = Debug|Any CPU
		{31AB66EF-06CB-4ADF-8D0A-936C2C85B508}.Debug|Any CPU.Build.0 = Debug|Any CPU
		{31AB66EF-06CB-4ADF-8D0A-936C2C85B508}.Release|Any CPU.ActiveCfg = Release|Any CPU
		{31AB66EF-06CB-4ADF-8D0A-936C2C85B508}.Release|Any CPU.Build.0 = Release|Any CPU
	EndGlobalSection
	GlobalSection(SolutionProperties) = preSolution
		HideSolutionNode = FALSE
	EndGlobalSection
	GlobalSection(ExtensibilityGlobals) = postSolution
		SolutionGuid = {0B0A3D2D-C304-4D4A-A0AD-50849EC0424C}
	EndGlobalSection
EndGlobal
